{
  "pins" : [
    {
      "identity" : "gamecontrollerkit",
      "kind" : "remoteSourceControl",
      "location" : "https://github.com/Abedalkareem/GameControllerKit",
      "state" : {
        "branch" : "master",
        "revision" : "74a7ede903faacc8755d1b773347e1644147655e"
      }
    }
  ],
  "version" : 2
}
